
Microsoft Visual Studio Solution File, Format Version 12.00
# Visual Studio Version 16
VisualStudioVersion = 16.0.31829.152
MinimumVisualStudioVersion = 10.0.40219.1
Project("{FAE04EC0-301F-11D3-BF4B-00C04F79EFBC}") = "Petit4Tablet", "Petit4Tablet.csproj", "{FD753CA4-68D1-47F9-AEC3-2F6CB5846475}"
EndProject
Global
	GlobalSection(SolutionConfigurationPlatforms) = preSolution
		Debug|Any CPU = Debug|Any CPU
		Release|Any CPU = Release|Any CPU
	EndGlobalSection
	GlobalSection(ProjectConfigurationPlatforms) = postSolution
		{FD753CA4-68D1-47F9-AEC3-2F6CB5846475}.Debug|Any CPU.ActiveCfg = Debug|Any CPU
		{FD753CA4-68D1-47F9-AEC3-2F6CB5846475}.Debug|Any CPU.Build.0 = Debug|Any CPU
		{FD753CA4-68D1-47F9-AEC3-2F6CB5846475}.Release|Any CPU.ActiveCfg = Release|Any CPU
		{FD753CA4-68D1-47F9-AEC3-2F6CB5846475}.Release|Any CPU.Build.0 = Release|Any CPU
	EndGlobalSection
	GlobalSection(SolutionProperties) = preSolution
		HideSolutionNode = FALSE
	EndGlobalSection
	GlobalSection(ExtensibilityGlobals) = postSolution
		SolutionGuid = {9602C872-FF55-4C15-AA16-D2CCDD0CB4BA}
	EndGlobalSection
EndGlobal
